{
  "projects": [
    {
      "projectId": "qy91iybXeJWQBDg6XwzmZA",
      "version": "latest",
      "dependencies": {},
      "lang": "js",
      "fileLocks": [
        {
          "type": "globalVariant",
          "assetId": "OEpJRASyccnH",
          "checksum": "809adc955a2e716f64916e0de25933b2"
        },
        {
          "assetId": "qy91iybXeJWQBDg6XwzmZA",
          "type": "projectCss",
          "checksum": "bed419e91f5b528c11a7722327af16a9"
        },
        {
          "type": "renderModule",
          "assetId": "f9D4NA--TjKo",
          "checksum": "45fb20dd48c31fac2f320f172645a07a"
        },
        {
          "type": "cssRules",
          "assetId": "f9D4NA--TjKo",
          "checksum": "45fb20dd48c31fac2f320f172645a07a"
        },
        {
          "type": "icon",
          "assetId": "AjDAeLnIiAa7",
          "checksum": "8be0d08f8c4bf6daac7d1c65e4efb12e"
        },
        {
          "type": "icon",
          "assetId": "q_CNuLWLDezE",
          "checksum": "ac150530f479f83b8d05fe58a2c7cc31"
        },
        {
          "type": "icon",
          "assetId": "QFiCWDl3ayX-",
          "checksum": "8554bd04d25b83a016e9c1ee9faf5516"
        },
        {
          "type": "icon",
          "assetId": "XJnJfe2MpudC",
          "checksum": "fbd03d1913af78ad8998f4fa6de8b41b"
        },
        {
          "type": "icon",
          "assetId": "J7mQVYHpNW2A",
          "checksum": "a60f3763bc89e2917b05a1f1b5a26254"
        },
        {
          "type": "icon",
          "assetId": "_UO8EX8NoZFB",
          "checksum": "cf1ed01f57919e623b21446916bd71f8"
        },
        {
          "type": "icon",
          "assetId": "m0_5o7A-K9gO",
          "checksum": "1d472ad8a688895f7ae2b34b1abcb15c"
        },
        {
          "type": "icon",
          "assetId": "LulQk3xJ2q_z",
          "checksum": "e2018c35881b1d83013923369d4035c0"
        },
        {
          "type": "icon",
          "assetId": "e6YiPuBKYX82",
          "checksum": "2867476451f53fd2fd390b3f95c157ae"
        },
        {
          "type": "icon",
          "assetId": "VbEZaPnCA2I-",
          "checksum": "a9e3281a4cf040d2fb6ed73bae0e264c"
        },
        {
          "type": "icon",
          "assetId": "Ir8dUfwnqVfV",
          "checksum": "e2b8951478484b3f8efc22ad2c349a65"
        },
        {
          "type": "icon",
          "assetId": "zfKOwA7w4ajS",
          "checksum": "f30e6d093550a7176fa9af58916438be"
        },
        {
          "type": "icon",
          "assetId": "EmJ4DMWgTubE",
          "checksum": "81dd1962c41268194c731cb39f9a2989"
        },
        {
          "type": "icon",
          "assetId": "72KW2-Cfnl1J",
          "checksum": "ca2a9657251c399afde7785ae4105be2"
        },
        {
          "type": "icon",
          "assetId": "JEkCFXzNjjbg",
          "checksum": "5e2954d9dbb0530efde5c6655f0d5224"
        },
        {
          "type": "icon",
          "assetId": "UC57S5fKA5z8",
          "checksum": "ecd403e759dfa59f34a6217fbd205a28"
        },
        {
          "type": "icon",
          "assetId": "kQtvgrkBIA1M",
          "checksum": "29b4ee49217fed3289a57280adf67945"
        },
        {
          "type": "icon",
          "assetId": "CAZTVGvEEHCj",
          "checksum": "12d761439b277dc69fa57916e8783734"
        },
        {
          "type": "icon",
          "assetId": "X1blwasONlJu",
          "checksum": "1c13918d6928605ae29b0518c1ad42b4"
        },
        {
          "type": "icon",
          "assetId": "aUkoHBDZ50aW",
          "checksum": "e74b9f8790f9353b65bb518e4045fe86"
        },
        {
          "type": "icon",
          "assetId": "tDzA4o_12bpA",
          "checksum": "cfc94d18981529d74efa3a8858d85157"
        },
        {
          "type": "icon",
          "assetId": "5eK2bP1kAdVJ",
          "checksum": "62e0a8a5d58c13f1b82adb94070e1b85"
        },
        {
          "type": "icon",
          "assetId": "x4IY1p8RE_px",
          "checksum": "264f9c0a6cacda9d5173ff1f8994614e"
        },
        {
          "type": "icon",
          "assetId": "80a-8KKbocsE",
          "checksum": "a573323d5d46c1bd12a6e732c1dc05da"
        },
        {
          "type": "icon",
          "assetId": "HYFF4dlVUqgE",
          "checksum": "5299dff8ab6f5cc8ce626e3208157084"
        },
        {
          "type": "icon",
          "assetId": "GE70_TO8vKN2",
          "checksum": "9d93033e50726badb2bb73e4619eb2d0"
        },
        {
          "type": "icon",
          "assetId": "DIVdZ6cWNBoT",
          "checksum": "3ec0fe40a3fdc751f4b3434ce7bf0e09"
        },
        {
          "type": "icon",
          "assetId": "4HjqAcfDF9Ok",
          "checksum": "e1e37dff36eb7a5e3294048b0f53fadf"
        },
        {
          "type": "icon",
          "assetId": "3hjKBT0KjwAf",
          "checksum": "250d10ce3e188728d864e10294b92972"
        },
        {
          "type": "icon",
          "assetId": "xn6doMy_BHLM",
          "checksum": "96efc3542f832c0c71fd48f0b58e6804"
        },
        {
          "type": "icon",
          "assetId": "JzLbDeznQTl1",
          "checksum": "0ca8836950e8260c2ae783c00351ef3f"
        },
        {
          "type": "icon",
          "assetId": "2SkweE1CSLLS",
          "checksum": "a396ac0b3758a67a2467b346cce56ddb"
        },
        {
          "type": "icon",
          "assetId": "pjf35D0lDs5c",
          "checksum": "f3df3a00d9d77304bc13749341803ccd"
        },
        {
          "type": "icon",
          "assetId": "CMlq-phG6D4X",
          "checksum": "cc9099434a766ce3401cd109a20b722e"
        },
        {
          "type": "icon",
          "assetId": "OpHHs4Zh2-2m",
          "checksum": "a26fd979f97d42e949ee401ec5834f03"
        },
        {
          "type": "icon",
          "assetId": "qIhj93XkBHh2",
          "checksum": "a63b024159d283ce11b851c0ea035ce4"
        },
        {
          "type": "icon",
          "assetId": "lcLn16Gxq-rh",
          "checksum": "6bac1e28b562b81558dfb2ca984716ba"
        },
        {
          "type": "icon",
          "assetId": "tkSo2wzySdiK",
          "checksum": "d1a79c48a4dabb30266e14fa44025bc9"
        },
        {
          "type": "icon",
          "assetId": "Crv6JNuue8ng",
          "checksum": "502b415fcdae85460236aa748697d5de"
        },
        {
          "type": "icon",
          "assetId": "3ur19nXeqSFf",
          "checksum": "c1356d80e06e605aba380953f3901943"
        },
        {
          "type": "icon",
          "assetId": "FyFfbSy5hhqG",
          "checksum": "f9927e42ad4787d01c403d0083b84871"
        },
        {
          "type": "icon",
          "assetId": "uUQCaNreHQfm",
          "checksum": "404dd4f9ece4127c68d564b52b5b190d"
        },
        {
          "type": "image",
          "assetId": "mBj91kbQWJza",
          "checksum": "7085dc9cf3f70bfab390464c6dc1a34d"
        },
        {
          "type": "image",
          "assetId": "vUop1QW_VZnd",
          "checksum": "61eeb814b22da7013616f589c838c59c"
        },
        {
          "type": "image",
          "assetId": "gX6jt6P0BBzm",
          "checksum": "a4e3ecea5b11f37749c912e0db4efec8"
        },
        {
          "type": "image",
          "assetId": "beVx8uaFQd7Y",
          "checksum": "9d6c5b9eb36b566c4a7c102aa4ce83bd"
        },
        {
          "type": "image",
          "assetId": "tc_0bxgVhJ0X",
          "checksum": "9e3a56396f932655cf7fb1812d8380f1"
        },
        {
          "type": "image",
          "assetId": "axdAjrAnLHch",
          "checksum": "20892b989fdaf0bf8a3857271544cc44"
        },
        {
          "type": "image",
          "assetId": "zIr1gKoiQJEq",
          "checksum": "9dfe5e6d9b0d49aeb8de41ca0dfa036d"
        },
        {
          "type": "image",
          "assetId": "ZzSh0D0_c3EU",
          "checksum": "03e0ba429cb0c3c5dc9813c00e0a1d40"
        },
        {
          "type": "image",
          "assetId": "iW9npKUNHkjb",
          "checksum": "155ac90d833835ed407705a3b2813447"
        },
        {
          "type": "image",
          "assetId": "lQlQnN3UKnnk",
          "checksum": "3f54e7b3cf1a4b08968b37b3d07e5feb"
        },
        {
          "type": "image",
          "assetId": "cKoBI8gcbHhn",
          "checksum": "4a1a7605e5e0e15dac771ead346ec221"
        },
        {
          "type": "image",
          "assetId": "ELFKMaXromX-",
          "checksum": "b45fad8449a5ae4c3993bb4d4a42c176"
        },
        {
          "type": "image",
          "assetId": "QvLMbeZ6BK-T",
          "checksum": "58268db8c0fffd233a614673fc7ff25b"
        },
        {
          "type": "image",
          "assetId": "XwetgtKBxSC5",
          "checksum": "f5274adec4e22fd521350facbdb47de0"
        },
        {
          "type": "image",
          "assetId": "wQAd_cw-uab0",
          "checksum": "9656b72e00af9a9024a8c69091902a14"
        },
        {
          "type": "image",
          "assetId": "a2YNCM-IHMCT",
          "checksum": "9fb8e5f84b2c0ccdb09849b6a7d0c12d"
        },
        {
          "type": "image",
          "assetId": "Z3501rpW8ScQ",
          "checksum": "cc1ab8e025c7d59f376b5842134cb5bb"
        },
        {
          "type": "image",
          "assetId": "Z120LdJh6gCk",
          "checksum": "c840188dbb804bbec38a08300491ccc0"
        },
        {
          "type": "image",
          "assetId": "KlwPIqAcIMaG",
          "checksum": "d7a804e21af2c57ad5b0b9404b940fc1"
        },
        {
          "type": "image",
          "assetId": "mYcvLVY3ks6i",
          "checksum": "e1e5b535437cf2333a68437e316015bd"
        },
        {
          "type": "image",
          "assetId": "0FbkD7Z2fN3X",
          "checksum": "61be1307741631974a3a83283cbb679d"
        },
        {
          "type": "image",
          "assetId": "WghyXeohvxTF",
          "checksum": "5bf0afc49054b86b3a23f88f936b0851"
        },
        {
          "type": "image",
          "assetId": "dIICfrAVbogK",
          "checksum": "83234ca4c9b282c727fdf0d83f128676"
        },
        {
          "type": "image",
          "assetId": "I3ll2OOI35NO",
          "checksum": "c62d125d5272b0adf82e0ecc252e2f03"
        },
        {
          "type": "image",
          "assetId": "jvr3NNs-tbGU",
          "checksum": "0fd4e8738fbd155f74cce80f2158c05e"
        },
        {
          "type": "image",
          "assetId": "BCAXW9y-B_1O",
          "checksum": "078d05fcf2a1b8ce71f548a75bed4c3e"
        },
        {
          "type": "image",
          "assetId": "mGgCQy2SWSaU",
          "checksum": "eeaa9bf7e7a4ac74117a824342740ff7"
        },
        {
          "type": "image",
          "assetId": "vFr2lEu9D8qI",
          "checksum": "430143afcd92fa19fc8b558e0a547eb2"
        },
        {
          "type": "image",
          "assetId": "FxyDzdPINq5a",
          "checksum": "db71aeeeeb75a0d333c34abdedeaad87"
        },
        {
          "type": "image",
          "assetId": "PHPNPeWREcQr",
          "checksum": "bdae3bbd8c6345071a793faee3b5d1f3"
        },
        {
          "type": "image",
          "assetId": "XiCjXted8K9A",
          "checksum": "04c0afe9e5f793f83eb33e1016f5c414"
        }
      ],
      "codegenVersion": "0.0.1"
    }
  ],
  "cliVersion": "0.1.329"
}
